
Microsoft Visual Studio Solution File, Format Version 12.00
# Visual Studio Version 17
VisualStudioVersion = 17.14.36511.14 d17.14
MinimumVisualStudioVersion = 10.0.40219.1
Project("{FAE04EC0-301F-11D3-BF4B-00C04F79EFBC}") = "FullStackMVC", "FullStackMVC.csproj", "{953B9547-FC75-4AAA-836B-94A753691C1E}"
EndProject
Global
	GlobalSection(SolutionConfigurationPlatforms) = preSolution
		Debug|Any CPU = Debug|Any CPU
		Release|Any CPU = Release|Any CPU
	EndGlobalSection
	GlobalSection(ProjectConfigurationPlatforms) = postSolution
		{953B9547-FC75-4AAA-836B-94A753691C1E}.Debug|Any CPU.ActiveCfg = Debug|Any CPU
		{953B9547-FC75-4AAA-836B-94A753691C1E}.Debug|Any CPU.Build.0 = Debug|Any CPU
		{953B9547-FC75-4AAA-836B-94A753691C1E}.Release|Any CPU.ActiveCfg = Release|Any CPU
		{953B9547-FC75-4AAA-836B-94A753691C1E}.Release|Any CPU.Build.0 = Release|Any CPU
	EndGlobalSection
	GlobalSection(SolutionProperties) = preSolution
		HideSolutionNode = FALSE
	EndGlobalSection
	GlobalSection(ExtensibilityGlobals) = postSolution
		SolutionGuid = {0DF740C0-F7D1-4B63-AD83-E9015470DE75}
	EndGlobalSection
EndGlobal
